
Microsoft Visual Studio Solution File, Format Version 12.00
Project("{FAE04EC0-301F-11D3-BF4B-00C04F79EFBC}") = "DataBuilder", "DataBuilder\DataBuilder.csproj", "{0AABCA9D-F17F-4D1D-A262-22C728BBE32B}"
EndProject
Project("{FAE04EC0-301F-11D3-BF4B-00C04F79EFBC}") = "DataBuilder.Sample", "DataBuilder.Sample\DataBuilder.Sample.csproj", "{6EDA68C7-7A13-4871-A9B4-A92F37611C7C}"
EndProject
Global
	GlobalSection(SolutionConfigurationPlatforms) = preSolution
		Debug|Any CPU = Debug|Any CPU
		Release|Any CPU = Release|Any CPU
	EndGlobalSection
	GlobalSection(ProjectConfigurationPlatforms) = postSolution
		{0AABCA9D-F17F-4D1D-A262-22C728BBE32B}.Debug|Any CPU.ActiveCfg = Debug|Any CPU
		{0AABCA9D-F17F-4D1D-A262-22C728BBE32B}.Debug|Any CPU.Build.0 = Debug|Any CPU
		{0AABCA9D-F17F-4D1D-A262-22C728BBE32B}.Release|Any CPU.ActiveCfg = Release|Any CPU
		{0AABCA9D-F17F-4D1D-A262-22C728BBE32B}.Release|Any CPU.Build.0 = Release|Any CPU
		{6EDA68C7-7A13-4871-A9B4-A92F37611C7C}.Debug|Any CPU.ActiveCfg = Debug|Any CPU
		{6EDA68C7-7A13-4871-A9B4-A92F37611C7C}.Debug|Any CPU.Build.0 = Debug|Any CPU
		{6EDA68C7-7A13-4871-A9B4-A92F37611C7C}.Release|Any CPU.ActiveCfg = Release|Any CPU
		{6EDA68C7-7A13-4871-A9B4-A92F37611C7C}.Release|Any CPU.Build.0 = Release|Any CPU
	EndGlobalSection
EndGlobal
